{
  "version": 4,
  "terraform_version": "1.5.5",
  "serial": 19,
  "lineage": "3852b563-b18d-3c2a-dc0d-145a7efa3a9d",
  "outputs": {},
  "resources": [
    {
      "mode": "managed",
      "type": "azurerm_lb",
      "name": "tfdemoviz",
      "provider": "provider[\"registry.terraform.io/hashicorp/azurerm\"]",
      "instances": [
        {
          "schema_version": 0,
          "attributes": {
            "edge_zone": "",
            "frontend_ip_configuration": [
              {
                "gateway_load_balancer_frontend_ip_configuration_id": "",
                "id": "/subscriptions/bf44f0f2-7074-429a-8228-1ed755e05026/resourceGroups/rg_Dev_Terraform_Viz/providers/Microsoft.Network/loadBalancers/lb_Terraform_Viz/frontendIPConfigurations/pip_Terraform_Viz",
                "inbound_nat_rules": [],
                "load_balancer_rules": [],
                "name": "pip_Terraform_Viz",
                "outbound_rules": [],
                "private_ip_address": "",
                "private_ip_address_allocation": "Dynamic",
                "private_ip_address_version": "",
                "public_ip_address_id": "/subscriptions/bf44f0f2-7074-429a-8228-1ed755e05026/resourceGroups/rg_Dev_Terraform_Viz/providers/Microsoft.Network/publicIPAddresses/pip_Terraform_Viz_LB",
                "public_ip_prefix_id": "",
                "subnet_id": "",
                "zones": []
              }
            ],
            "id": "/subscriptions/bf44f0f2-7074-429a-8228-1ed755e05026/resourceGroups/rg_Dev_Terraform_Viz/providers/Microsoft.Network/loadBalancers/lb_Terraform_Viz",
            "location": "westeurope",
            "name": "lb_Terraform_Viz",
            "private_ip_address": "",
            "private_ip_addresses": [],
            "resource_group_name": "rg_Dev_Terraform_Viz",
            "sku": "Basic",
            "sku_tier": "Regional",
            "tags": {},
            "timeouts": null
          },
          "sensitive_attributes": [],
          "private": "eyJlMmJmYjczMC1lY2FhLTExZTYtOGY4OC0zNDM2M2JjN2M0YzAiOnsiY3JlYXRlIjoxODAwMDAwMDAwMDAwLCJkZWxldGUiOjE4MDAwMDAwMDAwMDAsInJlYWQiOjMwMDAwMDAwMDAwMCwidXBkYXRlIjoxODAwMDAwMDAwMDAwfX0=",
          "dependencies": [
            "azurerm_public_ip.tfdemoviz",
            "azurerm_resource_group.tfdemoviz"
          ]
        }
      ]
    },
    {
      "mode": "managed",
      "type": "azurerm_lb_backend_address_pool",
      "name": "tfdemoviz",
      "provider": "provider[\"registry.terraform.io/hashicorp/azurerm\"]",
      "instances": [
        {
          "schema_version": 0,
          "attributes": {
            "backend_ip_configurations": [],
            "id": "/subscriptions/bf44f0f2-7074-429a-8228-1ed755e05026/resourceGroups/rg_Dev_Terraform_Viz/providers/Microsoft.Network/loadBalancers/lb_Terraform_Viz/backendAddressPools/lb_BackendAdressPool",
            "inbound_nat_rules": [],
            "load_balancing_rules": [],
            "loadbalancer_id": "/subscriptions/bf44f0f2-7074-429a-8228-1ed755e05026/resourceGroups/rg_Dev_Terraform_Viz/providers/Microsoft.Network/loadBalancers/lb_Terraform_Viz",
            "name": "lb_BackendAdressPool",
            "outbound_rules": [],
            "timeouts": null,
            "tunnel_interface": [],
            "virtual_network_id": ""
          },
          "sensitive_attributes": [],
          "private": "eyJlMmJmYjczMC1lY2FhLTExZTYtOGY4OC0zNDM2M2JjN2M0YzAiOnsiY3JlYXRlIjoxODAwMDAwMDAwMDAwLCJkZWxldGUiOjE4MDAwMDAwMDAwMDAsInJlYWQiOjMwMDAwMDAwMDAwMCwidXBkYXRlIjoxODAwMDAwMDAwMDAwfX0=",
          "dependencies": [
            "azurerm_lb.tfdemoviz",
            "azurerm_public_ip.tfdemoviz",
            "azurerm_resource_group.tfdemoviz"
          ]
        }
      ]
    },
    {
      "mode": "managed",
      "type": "azurerm_network_interface",
      "name": "tfdemoviz",
      "provider": "provider[\"registry.terraform.io/hashicorp/azurerm\"]",
      "instances": [
        {
          "index_key": 0,
          "schema_version": 0,
          "attributes": {
            "applied_dns_servers": [],
            "dns_servers": [],
            "edge_zone": "",
            "enable_accelerated_networking": false,
            "enable_ip_forwarding": false,
            "id": "/subscriptions/bf44f0f2-7074-429a-8228-1ed755e05026/resourceGroups/rg_Dev_Terraform_Viz/providers/Microsoft.Network/networkInterfaces/nic_Terraform_Viz_0",
            "internal_dns_name_label": "",
            "internal_domain_name_suffix": "qfnnvcxshlme3ghbxmkzpw0ncd.ax.internal.cloudapp.net",
            "ip_configuration": [
              {
                "gateway_load_balancer_frontend_ip_configuration_id": "",
                "name": "ip_Configuration",
                "primary": true,
                "private_ip_address": "10.0.1.4",
                "private_ip_address_allocation": "Dynamic",
                "private_ip_address_version": "IPv4",
                "public_ip_address_id": "",
                "subnet_id": "/subscriptions/bf44f0f2-7074-429a-8228-1ed755e05026/resourceGroups/rg_Dev_Terraform_Viz/providers/Microsoft.Network/virtualNetworks/vn_Terraform_Viz/subnets/sn_Terraform_01"
              }
            ],
            "location": "westeurope",
            "mac_address": "",
            "name": "nic_Terraform_Viz_0",
            "private_ip_address": "10.0.1.4",
            "private_ip_addresses": [
              "10.0.1.4"
            ],
            "resource_group_name": "rg_Dev_Terraform_Viz",
            "tags": null,
            "timeouts": null,
            "virtual_machine_id": ""
          },
          "sensitive_attributes": [],
          "private": "eyJlMmJmYjczMC1lY2FhLTExZTYtOGY4OC0zNDM2M2JjN2M0YzAiOnsiY3JlYXRlIjoxODAwMDAwMDAwMDAwLCJkZWxldGUiOjE4MDAwMDAwMDAwMDAsInJlYWQiOjMwMDAwMDAwMDAwMCwidXBkYXRlIjoxODAwMDAwMDAwMDAwfX0=",
          "dependencies": [
            "azurerm_resource_group.tfdemoviz",
            "azurerm_subnet.tfdemoviz01"
          ]
        },
        {
          "index_key": 1,
          "schema_version": 0,
          "attributes": {
            "applied_dns_servers": [],
            "dns_servers": [],
            "edge_zone": "",
            "enable_accelerated_networking": false,
            "enable_ip_forwarding": false,
            "id": "/subscriptions/bf44f0f2-7074-429a-8228-1ed755e05026/resourceGroups/rg_Dev_Terraform_Viz/providers/Microsoft.Network/networkInterfaces/nic_Terraform_Viz_1",
            "internal_dns_name_label": "",
            "internal_domain_name_suffix": "qfnnvcxshlme3ghbxmkzpw0ncd.ax.internal.cloudapp.net",
            "ip_configuration": [
              {
                "gateway_load_balancer_frontend_ip_configuration_id": "",
                "name": "ip_Configuration",
                "primary": true,
                "private_ip_address": "10.0.1.5",
                "private_ip_address_allocation": "Dynamic",
                "private_ip_address_version": "IPv4",
                "public_ip_address_id": "",
                "subnet_id": "/subscriptions/bf44f0f2-7074-429a-8228-1ed755e05026/resourceGroups/rg_Dev_Terraform_Viz/providers/Microsoft.Network/virtualNetworks/vn_Terraform_Viz/subnets/sn_Terraform_01"
              }
            ],
            "location": "westeurope",
            "mac_address": "",
            "name": "nic_Terraform_Viz_1",
            "private_ip_address": "10.0.1.5",
            "private_ip_addresses": [
              "10.0.1.5"
            ],
            "resource_group_name": "rg_Dev_Terraform_Viz",
            "tags": null,
            "timeouts": null,
            "virtual_machine_id": ""
          },
          "sensitive_attributes": [],
          "private": "eyJlMmJmYjczMC1lY2FhLTExZTYtOGY4OC0zNDM2M2JjN2M0YzAiOnsiY3JlYXRlIjoxODAwMDAwMDAwMDAwLCJkZWxldGUiOjE4MDAwMDAwMDAwMDAsInJlYWQiOjMwMDAwMDAwMDAwMCwidXBkYXRlIjoxODAwMDAwMDAwMDAwfX0=",
          "dependencies": [
            "azurerm_resource_group.tfdemoviz",
            "azurerm_subnet.tfdemoviz01"
          ]
        }
      ]
    },
    {
      "mode": "managed",
      "type": "azurerm_public_ip",
      "name": "tfdemoviz",
      "provider": "provider[\"registry.terraform.io/hashicorp/azurerm\"]",
      "instances": [
        {
          "schema_version": 0,
          "attributes": {
            "allocation_method": "Static",
            "ddos_protection_mode": "VirtualNetworkInherited",
            "ddos_protection_plan_id": null,
            "domain_name_label": null,
            "edge_zone": "",
            "fqdn": null,
            "id": "/subscriptions/bf44f0f2-7074-429a-8228-1ed755e05026/resourceGroups/rg_Dev_Terraform_Viz/providers/Microsoft.Network/publicIPAddresses/pip_Terraform_Viz_LB",
            "idle_timeout_in_minutes": 4,
            "ip_address": "20.61.104.7",
            "ip_tags": {},
            "ip_version": "IPv4",
            "location": "westeurope",
            "name": "pip_Terraform_Viz_LB",
            "public_ip_prefix_id": null,
            "resource_group_name": "rg_Dev_Terraform_Viz",
            "reverse_fqdn": null,
            "sku": "Basic",
            "sku_tier": "Regional",
            "tags": {},
            "timeouts": null,
            "zones": []
          },
          "sensitive_attributes": [],
          "private": "eyJlMmJmYjczMC1lY2FhLTExZTYtOGY4OC0zNDM2M2JjN2M0YzAiOnsiY3JlYXRlIjoxODAwMDAwMDAwMDAwLCJkZWxldGUiOjE4MDAwMDAwMDAwMDAsInJlYWQiOjMwMDAwMDAwMDAwMCwidXBkYXRlIjoxODAwMDAwMDAwMDAwfX0=",
          "dependencies": [
            "azurerm_resource_group.tfdemoviz"
          ]
        }
      ]
    },
    {
      "mode": "managed",
      "type": "azurerm_resource_group",
      "name": "tfdemoviz",
      "provider": "provider[\"registry.terraform.io/hashicorp/azurerm\"]",
      "instances": [
        {
          "schema_version": 0,
          "attributes": {
            "id": "/subscriptions/bf44f0f2-7074-429a-8228-1ed755e05026/resourceGroups/rg_Dev_Terraform_Viz",
            "location": "westeurope",
            "managed_by": "",
            "name": "rg_Dev_Terraform_Viz",
            "tags": {
              "Kunde": "Intern",
              "SharePoint-Version": "Keine",
              "Umgebung": "Dev"
            },
            "timeouts": null
          },
          "sensitive_attributes": [],
          "private": "eyJlMmJmYjczMC1lY2FhLTExZTYtOGY4OC0zNDM2M2JjN2M0YzAiOnsiY3JlYXRlIjo1NDAwMDAwMDAwMDAwLCJkZWxldGUiOjU0MDAwMDAwMDAwMDAsInJlYWQiOjMwMDAwMDAwMDAwMCwidXBkYXRlIjo1NDAwMDAwMDAwMDAwfX0="
        }
      ]
    },
    {
      "mode": "managed",
      "type": "azurerm_subnet",
      "name": "tfdemoviz01",
      "provider": "provider[\"registry.terraform.io/hashicorp/azurerm\"]",
      "instances": [
        {
          "schema_version": 0,
          "attributes": {
            "address_prefixes": [
              "10.0.1.0/24"
            ],
            "delegation": [],
            "enforce_private_link_endpoint_network_policies": false,
            "enforce_private_link_service_network_policies": false,
            "id": "/subscriptions/bf44f0f2-7074-429a-8228-1ed755e05026/resourceGroups/rg_Dev_Terraform_Viz/providers/Microsoft.Network/virtualNetworks/vn_Terraform_Viz/subnets/sn_Terraform_01",
            "name": "sn_Terraform_01",
            "private_endpoint_network_policies_enabled": true,
            "private_link_service_network_policies_enabled": true,
            "resource_group_name": "rg_Dev_Terraform_Viz",
            "service_endpoint_policy_ids": [],
            "service_endpoints": [],
            "timeouts": null,
            "virtual_network_name": "vn_Terraform_Viz"
          },
          "sensitive_attributes": [],
          "private": "eyJlMmJmYjczMC1lY2FhLTExZTYtOGY4OC0zNDM2M2JjN2M0YzAiOnsiY3JlYXRlIjoxODAwMDAwMDAwMDAwLCJkZWxldGUiOjE4MDAwMDAwMDAwMDAsInJlYWQiOjMwMDAwMDAwMDAwMCwidXBkYXRlIjoxODAwMDAwMDAwMDAwfX0=",
          "dependencies": [
            "azurerm_resource_group.tfdemoviz",
            "azurerm_virtual_network.tfdemoviz"
          ]
        }
      ]
    },
    {
      "mode": "managed",
      "type": "azurerm_subnet",
      "name": "tfdemoviz02",
      "provider": "provider[\"registry.terraform.io/hashicorp/azurerm\"]",
      "instances": [
        {
          "schema_version": 0,
          "attributes": {
            "address_prefixes": [
              "10.0.2.0/24"
            ],
            "delegation": [],
            "enforce_private_link_endpoint_network_policies": false,
            "enforce_private_link_service_network_policies": false,
            "id": "/subscriptions/bf44f0f2-7074-429a-8228-1ed755e05026/resourceGroups/rg_Dev_Terraform_Viz/providers/Microsoft.Network/virtualNetworks/vn_Terraform_Viz/subnets/sn_Terraform_02",
            "name": "sn_Terraform_02",
            "private_endpoint_network_policies_enabled": true,
            "private_link_service_network_policies_enabled": true,
            "resource_group_name": "rg_Dev_Terraform_Viz",
            "service_endpoint_policy_ids": [],
            "service_endpoints": [],
            "timeouts": null,
            "virtual_network_name": "vn_Terraform_Viz"
          },
          "sensitive_attributes": [],
          "private": "eyJlMmJmYjczMC1lY2FhLTExZTYtOGY4OC0zNDM2M2JjN2M0YzAiOnsiY3JlYXRlIjoxODAwMDAwMDAwMDAwLCJkZWxldGUiOjE4MDAwMDAwMDAwMDAsInJlYWQiOjMwMDAwMDAwMDAwMCwidXBkYXRlIjoxODAwMDAwMDAwMDAwfX0=",
          "dependencies": [
            "azurerm_resource_group.tfdemoviz",
            "azurerm_virtual_network.tfdemoviz"
          ]
        }
      ]
    },
    {
      "mode": "managed",
      "type": "azurerm_subnet",
      "name": "tfdemoviz03",
      "provider": "provider[\"registry.terraform.io/hashicorp/azurerm\"]",
      "instances": [
        {
          "schema_version": 0,
          "attributes": {
            "address_prefixes": [
              "10.0.3.0/24"
            ],
            "delegation": [],
            "enforce_private_link_endpoint_network_policies": false,
            "enforce_private_link_service_network_policies": false,
            "id": "/subscriptions/bf44f0f2-7074-429a-8228-1ed755e05026/resourceGroups/rg_Dev_Terraform_Viz/providers/Microsoft.Network/virtualNetworks/vn_Terraform_Viz/subnets/sn_Terraform_03",
            "name": "sn_Terraform_03",
            "private_endpoint_network_policies_enabled": true,
            "private_link_service_network_policies_enabled": true,
            "resource_group_name": "rg_Dev_Terraform_Viz",
            "service_endpoint_policy_ids": [],
            "service_endpoints": [],
            "timeouts": null,
            "virtual_network_name": "vn_Terraform_Viz"
          },
          "sensitive_attributes": [],
          "private": "eyJlMmJmYjczMC1lY2FhLTExZTYtOGY4OC0zNDM2M2JjN2M0YzAiOnsiY3JlYXRlIjoxODAwMDAwMDAwMDAwLCJkZWxldGUiOjE4MDAwMDAwMDAwMDAsInJlYWQiOjMwMDAwMDAwMDAwMCwidXBkYXRlIjoxODAwMDAwMDAwMDAwfX0=",
          "dependencies": [
            "azurerm_resource_group.tfdemoviz",
            "azurerm_virtual_network.tfdemoviz"
          ]
        }
      ]
    },
    {
      "mode": "managed",
      "type": "azurerm_subnet",
      "name": "tfdemoviz04",
      "provider": "provider[\"registry.terraform.io/hashicorp/azurerm\"]",
      "instances": [
        {
          "schema_version": 0,
          "attributes": {
            "address_prefixes": [
              "10.0.4.0/24"
            ],
            "delegation": [],
            "enforce_private_link_endpoint_network_policies": false,
            "enforce_private_link_service_network_policies": false,
            "id": "/subscriptions/bf44f0f2-7074-429a-8228-1ed755e05026/resourceGroups/rg_Dev_Terraform_Viz/providers/Microsoft.Network/virtualNetworks/vn_Terraform_Viz/subnets/sn_Terraform_04",
            "name": "sn_Terraform_04",
            "private_endpoint_network_policies_enabled": true,
            "private_link_service_network_policies_enabled": true,
            "resource_group_name": "rg_Dev_Terraform_Viz",
            "service_endpoint_policy_ids": [],
            "service_endpoints": [],
            "timeouts": null,
            "virtual_network_name": "vn_Terraform_Viz"
          },
          "sensitive_attributes": [],
          "private": "eyJlMmJmYjczMC1lY2FhLTExZTYtOGY4OC0zNDM2M2JjN2M0YzAiOnsiY3JlYXRlIjoxODAwMDAwMDAwMDAwLCJkZWxldGUiOjE4MDAwMDAwMDAwMDAsInJlYWQiOjMwMDAwMDAwMDAwMCwidXBkYXRlIjoxODAwMDAwMDAwMDAwfX0=",
          "dependencies": [
            "azurerm_resource_group.tfdemoviz",
            "azurerm_virtual_network.tfdemoviz"
          ]
        }
      ]
    },
    {
      "mode": "managed",
      "type": "azurerm_subnet",
      "name": "tfdemoviz05",
      "provider": "provider[\"registry.terraform.io/hashicorp/azurerm\"]",
      "instances": [
        {
          "schema_version": 0,
          "attributes": {
            "address_prefixes": [
              "10.0.5.0/24"
            ],
            "delegation": [],
            "enforce_private_link_endpoint_network_policies": false,
            "enforce_private_link_service_network_policies": false,
            "id": "/subscriptions/bf44f0f2-7074-429a-8228-1ed755e05026/resourceGroups/rg_Dev_Terraform_Viz/providers/Microsoft.Network/virtualNetworks/vn_Terraform_Viz/subnets/sn_Terraform_05",
            "name": "sn_Terraform_05",
            "private_endpoint_network_policies_enabled": true,
            "private_link_service_network_policies_enabled": true,
            "resource_group_name": "rg_Dev_Terraform_Viz",
            "service_endpoint_policy_ids": [],
            "service_endpoints": [],
            "timeouts": null,
            "virtual_network_name": "vn_Terraform_Viz"
          },
          "sensitive_attributes": [],
          "private": "eyJlMmJmYjczMC1lY2FhLTExZTYtOGY4OC0zNDM2M2JjN2M0YzAiOnsiY3JlYXRlIjoxODAwMDAwMDAwMDAwLCJkZWxldGUiOjE4MDAwMDAwMDAwMDAsInJlYWQiOjMwMDAwMDAwMDAwMCwidXBkYXRlIjoxODAwMDAwMDAwMDAwfX0=",
          "dependencies": [
            "azurerm_resource_group.tfdemoviz",
            "azurerm_virtual_network.tfdemoviz"
          ]
        }
      ]
    },
    {
      "mode": "managed",
      "type": "azurerm_subnet",
      "name": "tfdemoviz06",
      "provider": "provider[\"registry.terraform.io/hashicorp/azurerm\"]",
      "instances": [
        {
          "schema_version": 0,
          "attributes": {
            "address_prefixes": [
              "10.0.6.0/24"
            ],
            "delegation": [],
            "enforce_private_link_endpoint_network_policies": false,
            "enforce_private_link_service_network_policies": false,
            "id": "/subscriptions/bf44f0f2-7074-429a-8228-1ed755e05026/resourceGroups/rg_Dev_Terraform_Viz/providers/Microsoft.Network/virtualNetworks/vn_Terraform_Viz/subnets/sn_Terraform_06",
            "name": "sn_Terraform_06",
            "private_endpoint_network_policies_enabled": true,
            "private_link_service_network_policies_enabled": true,
            "resource_group_name": "rg_Dev_Terraform_Viz",
            "service_endpoint_policy_ids": [],
            "service_endpoints": [],
            "timeouts": null,
            "virtual_network_name": "vn_Terraform_Viz"
          },
          "sensitive_attributes": [],
          "private": "eyJlMmJmYjczMC1lY2FhLTExZTYtOGY4OC0zNDM2M2JjN2M0YzAiOnsiY3JlYXRlIjoxODAwMDAwMDAwMDAwLCJkZWxldGUiOjE4MDAwMDAwMDAwMDAsInJlYWQiOjMwMDAwMDAwMDAwMCwidXBkYXRlIjoxODAwMDAwMDAwMDAwfX0=",
          "dependencies": [
            "azurerm_resource_group.tfdemoviz",
            "azurerm_virtual_network.tfdemoviz"
          ]
        }
      ]
    },
    {
      "mode": "managed",
      "type": "azurerm_subnet",
      "name": "tfdemoviz07",
      "provider": "provider[\"registry.terraform.io/hashicorp/azurerm\"]",
      "instances": [
        {
          "schema_version": 0,
          "attributes": {
            "address_prefixes": [
              "10.0.7.0/24"
            ],
            "delegation": [],
            "enforce_private_link_endpoint_network_policies": false,
            "enforce_private_link_service_network_policies": false,
            "id": "/subscriptions/bf44f0f2-7074-429a-8228-1ed755e05026/resourceGroups/rg_Dev_Terraform_Viz/providers/Microsoft.Network/virtualNetworks/vn_Terraform_Viz/subnets/sn_Terraform_07",
            "name": "sn_Terraform_07",
            "private_endpoint_network_policies_enabled": true,
            "private_link_service_network_policies_enabled": true,
            "resource_group_name": "rg_Dev_Terraform_Viz",
            "service_endpoint_policy_ids": [],
            "service_endpoints": [],
            "timeouts": null,
            "virtual_network_name": "vn_Terraform_Viz"
          },
          "sensitive_attributes": [],
          "private": "eyJlMmJmYjczMC1lY2FhLTExZTYtOGY4OC0zNDM2M2JjN2M0YzAiOnsiY3JlYXRlIjoxODAwMDAwMDAwMDAwLCJkZWxldGUiOjE4MDAwMDAwMDAwMDAsInJlYWQiOjMwMDAwMDAwMDAwMCwidXBkYXRlIjoxODAwMDAwMDAwMDAwfX0=",
          "dependencies": [
            "azurerm_resource_group.tfdemoviz",
            "azurerm_virtual_network.tfdemoviz"
          ]
        }
      ]
    },
    {
      "mode": "managed",
      "type": "azurerm_subnet",
      "name": "tfdemoviz08",
      "provider": "provider[\"registry.terraform.io/hashicorp/azurerm\"]",
      "instances": [
        {
          "schema_version": 0,
          "attributes": {
            "address_prefixes": [
              "10.0.8.0/24"
            ],
            "delegation": [],
            "enforce_private_link_endpoint_network_policies": false,
            "enforce_private_link_service_network_policies": false,
            "id": "/subscriptions/bf44f0f2-7074-429a-8228-1ed755e05026/resourceGroups/rg_Dev_Terraform_Viz/providers/Microsoft.Network/virtualNetworks/vn_Terraform_Viz/subnets/sn_Terraform_08",
            "name": "sn_Terraform_08",
            "private_endpoint_network_policies_enabled": true,
            "private_link_service_network_policies_enabled": true,
            "resource_group_name": "rg_Dev_Terraform_Viz",
            "service_endpoint_policy_ids": [],
            "service_endpoints": [],
            "timeouts": null,
            "virtual_network_name": "vn_Terraform_Viz"
          },
          "sensitive_attributes": [],
          "private": "eyJlMmJmYjczMC1lY2FhLTExZTYtOGY4OC0zNDM2M2JjN2M0YzAiOnsiY3JlYXRlIjoxODAwMDAwMDAwMDAwLCJkZWxldGUiOjE4MDAwMDAwMDAwMDAsInJlYWQiOjMwMDAwMDAwMDAwMCwidXBkYXRlIjoxODAwMDAwMDAwMDAwfX0=",
          "dependencies": [
            "azurerm_resource_group.tfdemoviz",
            "azurerm_virtual_network.tfdemoviz"
          ]
        }
      ]
    },
    {
      "mode": "managed",
      "type": "azurerm_subnet",
      "name": "tfdemoviz09",
      "provider": "provider[\"registry.terraform.io/hashicorp/azurerm\"]",
      "instances": [
        {
          "schema_version": 0,
          "attributes": {
            "address_prefixes": [
              "10.0.9.0/24"
            ],
            "delegation": [],
            "enforce_private_link_endpoint_network_policies": false,
            "enforce_private_link_service_network_policies": false,
            "id": "/subscriptions/bf44f0f2-7074-429a-8228-1ed755e05026/resourceGroups/rg_Dev_Terraform_Viz/providers/Microsoft.Network/virtualNetworks/vn_Terraform_Viz/subnets/sn_Terraform_09",
            "name": "sn_Terraform_09",
            "private_endpoint_network_policies_enabled": true,
            "private_link_service_network_policies_enabled": true,
            "resource_group_name": "rg_Dev_Terraform_Viz",
            "service_endpoint_policy_ids": [],
            "service_endpoints": [],
            "timeouts": null,
            "virtual_network_name": "vn_Terraform_Viz"
          },
          "sensitive_attributes": [],
          "private": "eyJlMmJmYjczMC1lY2FhLTExZTYtOGY4OC0zNDM2M2JjN2M0YzAiOnsiY3JlYXRlIjoxODAwMDAwMDAwMDAwLCJkZWxldGUiOjE4MDAwMDAwMDAwMDAsInJlYWQiOjMwMDAwMDAwMDAwMCwidXBkYXRlIjoxODAwMDAwMDAwMDAwfX0=",
          "dependencies": [
            "azurerm_resource_group.tfdemoviz",
            "azurerm_virtual_network.tfdemoviz"
          ]
        }
      ]
    },
    {
      "mode": "managed",
      "type": "azurerm_subnet",
      "name": "tfdemoviz10",
      "provider": "provider[\"registry.terraform.io/hashicorp/azurerm\"]",
      "instances": [
        {
          "schema_version": 0,
          "attributes": {
            "address_prefixes": [
              "10.0.10.0/24"
            ],
            "delegation": [],
            "enforce_private_link_endpoint_network_policies": false,
            "enforce_private_link_service_network_policies": false,
            "id": "/subscriptions/bf44f0f2-7074-429a-8228-1ed755e05026/resourceGroups/rg_Dev_Terraform_Viz/providers/Microsoft.Network/virtualNetworks/vn_Terraform_Viz/subnets/sn_Terraform_10",
            "name": "sn_Terraform_10",
            "private_endpoint_network_policies_enabled": true,
            "private_link_service_network_policies_enabled": true,
            "resource_group_name": "rg_Dev_Terraform_Viz",
            "service_endpoint_policy_ids": [],
            "service_endpoints": [],
            "timeouts": null,
            "virtual_network_name": "vn_Terraform_Viz"
          },
          "sensitive_attributes": [],
          "private": "eyJlMmJmYjczMC1lY2FhLTExZTYtOGY4OC0zNDM2M2JjN2M0YzAiOnsiY3JlYXRlIjoxODAwMDAwMDAwMDAwLCJkZWxldGUiOjE4MDAwMDAwMDAwMDAsInJlYWQiOjMwMDAwMDAwMDAwMCwidXBkYXRlIjoxODAwMDAwMDAwMDAwfX0=",
          "dependencies": [
            "azurerm_resource_group.tfdemoviz",
            "azurerm_virtual_network.tfdemoviz"
          ]
        }
      ]
    },
    {
      "mode": "managed",
      "type": "azurerm_virtual_network",
      "name": "tfdemoviz",
      "provider": "provider[\"registry.terraform.io/hashicorp/azurerm\"]",
      "instances": [
        {
          "schema_version": 0,
          "attributes": {
            "address_space": [
              "10.0.0.0/16"
            ],
            "bgp_community": "",
            "ddos_protection_plan": [],
            "dns_servers": [],
            "edge_zone": "",
            "encryption": [],
            "flow_timeout_in_minutes": 0,
            "guid": "8ada5a81-3af2-4ed8-98e1-bb1597db4d13",
            "id": "/subscriptions/bf44f0f2-7074-429a-8228-1ed755e05026/resourceGroups/rg_Dev_Terraform_Viz/providers/Microsoft.Network/virtualNetworks/vn_Terraform_Viz",
            "location": "westeurope",
            "name": "vn_Terraform_Viz",
            "resource_group_name": "rg_Dev_Terraform_Viz",
            "subnet": [
              {
                "address_prefix": "10.0.1.0/24",
                "id": "/subscriptions/bf44f0f2-7074-429a-8228-1ed755e05026/resourceGroups/rg_Dev_Terraform_Viz/providers/Microsoft.Network/virtualNetworks/vn_Terraform_Viz/subnets/sn_Terraform_01",
                "name": "sn_Terraform_01",
                "security_group": ""
              },
              {
                "address_prefix": "10.0.10.0/24",
                "id": "/subscriptions/bf44f0f2-7074-429a-8228-1ed755e05026/resourceGroups/rg_Dev_Terraform_Viz/providers/Microsoft.Network/virtualNetworks/vn_Terraform_Viz/subnets/sn_Terraform_10",
                "name": "sn_Terraform_10",
                "security_group": ""
              },
              {
                "address_prefix": "10.0.2.0/24",
                "id": "/subscriptions/bf44f0f2-7074-429a-8228-1ed755e05026/resourceGroups/rg_Dev_Terraform_Viz/providers/Microsoft.Network/virtualNetworks/vn_Terraform_Viz/subnets/sn_Terraform_02",
                "name": "sn_Terraform_02",
                "security_group": ""
              },
              {
                "address_prefix": "10.0.3.0/24",
                "id": "/subscriptions/bf44f0f2-7074-429a-8228-1ed755e05026/resourceGroups/rg_Dev_Terraform_Viz/providers/Microsoft.Network/virtualNetworks/vn_Terraform_Viz/subnets/sn_Terraform_03",
                "name": "sn_Terraform_03",
                "security_group": ""
              },
              {
                "address_prefix": "10.0.4.0/24",
                "id": "/subscriptions/bf44f0f2-7074-429a-8228-1ed755e05026/resourceGroups/rg_Dev_Terraform_Viz/providers/Microsoft.Network/virtualNetworks/vn_Terraform_Viz/subnets/sn_Terraform_04",
                "name": "sn_Terraform_04",
                "security_group": ""
              },
              {
                "address_prefix": "10.0.5.0/24",
                "id": "/subscriptions/bf44f0f2-7074-429a-8228-1ed755e05026/resourceGroups/rg_Dev_Terraform_Viz/providers/Microsoft.Network/virtualNetworks/vn_Terraform_Viz/subnets/sn_Terraform_05",
                "name": "sn_Terraform_05",
                "security_group": ""
              },
              {
                "address_prefix": "10.0.6.0/24",
                "id": "/subscriptions/bf44f0f2-7074-429a-8228-1ed755e05026/resourceGroups/rg_Dev_Terraform_Viz/providers/Microsoft.Network/virtualNetworks/vn_Terraform_Viz/subnets/sn_Terraform_06",
                "name": "sn_Terraform_06",
                "security_group": ""
              },
              {
                "address_prefix": "10.0.7.0/24",
                "id": "/subscriptions/bf44f0f2-7074-429a-8228-1ed755e05026/resourceGroups/rg_Dev_Terraform_Viz/providers/Microsoft.Network/virtualNetworks/vn_Terraform_Viz/subnets/sn_Terraform_07",
                "name": "sn_Terraform_07",
                "security_group": ""
              },
              {
                "address_prefix": "10.0.8.0/24",
                "id": "/subscriptions/bf44f0f2-7074-429a-8228-1ed755e05026/resourceGroups/rg_Dev_Terraform_Viz/providers/Microsoft.Network/virtualNetworks/vn_Terraform_Viz/subnets/sn_Terraform_08",
                "name": "sn_Terraform_08",
                "security_group": ""
              },
              {
                "address_prefix": "10.0.9.0/24",
                "id": "/subscriptions/bf44f0f2-7074-429a-8228-1ed755e05026/resourceGroups/rg_Dev_Terraform_Viz/providers/Microsoft.Network/virtualNetworks/vn_Terraform_Viz/subnets/sn_Terraform_09",
                "name": "sn_Terraform_09",
                "security_group": ""
              }
            ],
            "tags": {},
            "timeouts": null
          },
          "sensitive_attributes": [],
          "private": "eyJlMmJmYjczMC1lY2FhLTExZTYtOGY4OC0zNDM2M2JjN2M0YzAiOnsiY3JlYXRlIjoxODAwMDAwMDAwMDAwLCJkZWxldGUiOjE4MDAwMDAwMDAwMDAsInJlYWQiOjMwMDAwMDAwMDAwMCwidXBkYXRlIjoxODAwMDAwMDAwMDAwfX0=",
          "dependencies": [
            "azurerm_resource_group.tfdemoviz"
          ]
        }
      ]
    }
  ],
  "check_results": null
}
