{
  "version": 4,
  "terraform_version": "1.5.5",
  "serial": 3,
  "lineage": "f8d0f553-c238-ceb3-f321-97dd2320dd15",
  "outputs": {},
  "resources": [
    {
      "mode": "managed",
      "type": "azurerm_resource_group",
      "name": "tfdemo2",
      "provider": "provider[\"registry.terraform.io/hashicorp/azurerm\"]",
      "instances": [
        {
          "schema_version": 0,
          "attributes": {
            "id": "/subscriptions/bf44f0f2-7074-429a-8228-1ed755e05026/resourceGroups/rg_Dev_Terraform_2",
            "location": "westeurope",
            "managed_by": "",
            "name": "rg_Dev_Terraform_2",
            "tags": {
              "Kunde": "Intern",
              "SharePoint-Version": "Keine",
              "Umgebung": "Dev"
            },
            "timeouts": null
          },
          "sensitive_attributes": [],
          "private": "eyJlMmJmYjczMC1lY2FhLTExZTYtOGY4OC0zNDM2M2JjN2M0YzAiOnsiY3JlYXRlIjo1NDAwMDAwMDAwMDAwLCJkZWxldGUiOjU0MDAwMDAwMDAwMDAsInJlYWQiOjMwMDAwMDAwMDAwMCwidXBkYXRlIjo1NDAwMDAwMDAwMDAwfX0="
        }
      ]
    },
    {
      "mode": "managed",
      "type": "azurerm_storage_account",
      "name": "tfdemo2",
      "provider": "provider[\"registry.terraform.io/hashicorp/azurerm\"]",
      "instances": [
        {
          "schema_version": 4,
          "attributes": {
            "access_tier": "Hot",
            "account_kind": "StorageV2",
            "account_replication_type": "LRS",
            "account_tier": "Standard",
            "allow_nested_items_to_be_public": true,
            "allowed_copy_scope": "",
            "azure_files_authentication": [],
            "blob_properties": [
              {
                "change_feed_enabled": false,
                "change_feed_retention_in_days": 0,
                "container_delete_retention_policy": [],
                "cors_rule": [],
                "default_service_version": "",
                "delete_retention_policy": [],
                "last_access_time_enabled": false,
                "restore_policy": [],
                "versioning_enabled": false
              }
            ],
            "cross_tenant_replication_enabled": true,
            "custom_domain": [],
            "customer_managed_key": [],
            "default_to_oauth_authentication": false,
            "edge_zone": "",
            "enable_https_traffic_only": true,
            "id": "/subscriptions/bf44f0f2-7074-429a-8228-1ed755e05026/resourceGroups/rg_Dev_Terraform_2/providers/Microsoft.Storage/storageAccounts/sargdevterraform2",
            "identity": [],
            "immutability_policy": [],
            "infrastructure_encryption_enabled": false,
            "is_hns_enabled": false,
            "large_file_share_enabled": null,
            "location": "westeurope",
            "min_tls_version": "TLS1_2",
            "name": "sargdevterraform2",
            "network_rules": [
              {
                "bypass": [
                  "AzureServices"
                ],
                "default_action": "Allow",
                "ip_rules": [],
                "private_link_access": [],
                "virtual_network_subnet_ids": []
              }
            ],
            "nfsv3_enabled": false,
            "primary_access_key": "7O9VHqXupQSMAewWbhsE1vhHX9XLNsA5JvyV51Oo26RxGmRqJXAqC/pOhwP0IzGu6nqwWP8FM6b1+ASt+affog==",
            "primary_blob_connection_string": "DefaultEndpointsProtocol=https;BlobEndpoint=https://sargdevterraform2.blob.core.windows.net/;AccountName=sargdevterraform2;AccountKey=7O9VHqXupQSMAewWbhsE1vhHX9XLNsA5JvyV51Oo26RxGmRqJXAqC/pOhwP0IzGu6nqwWP8FM6b1+ASt+affog==",
            "primary_blob_endpoint": "https://sargdevterraform2.blob.core.windows.net/",
            "primary_blob_host": "sargdevterraform2.blob.core.windows.net",
            "primary_connection_string": "DefaultEndpointsProtocol=https;AccountName=sargdevterraform2;AccountKey=7O9VHqXupQSMAewWbhsE1vhHX9XLNsA5JvyV51Oo26RxGmRqJXAqC/pOhwP0IzGu6nqwWP8FM6b1+ASt+affog==;EndpointSuffix=core.windows.net",
            "primary_dfs_endpoint": "https://sargdevterraform2.dfs.core.windows.net/",
            "primary_dfs_host": "sargdevterraform2.dfs.core.windows.net",
            "primary_file_endpoint": "https://sargdevterraform2.file.core.windows.net/",
            "primary_file_host": "sargdevterraform2.file.core.windows.net",
            "primary_location": "westeurope",
            "primary_queue_endpoint": "https://sargdevterraform2.queue.core.windows.net/",
            "primary_queue_host": "sargdevterraform2.queue.core.windows.net",
            "primary_table_endpoint": "https://sargdevterraform2.table.core.windows.net/",
            "primary_table_host": "sargdevterraform2.table.core.windows.net",
            "primary_web_endpoint": "https://sargdevterraform2.z6.web.core.windows.net/",
            "primary_web_host": "sargdevterraform2.z6.web.core.windows.net",
            "public_network_access_enabled": true,
            "queue_encryption_key_type": "Service",
            "queue_properties": [
              {
                "cors_rule": [],
                "hour_metrics": [
                  {
                    "enabled": true,
                    "include_apis": true,
                    "retention_policy_days": 7,
                    "version": "1.0"
                  }
                ],
                "logging": [
                  {
                    "delete": false,
                    "read": false,
                    "retention_policy_days": 0,
                    "version": "1.0",
                    "write": false
                  }
                ],
                "minute_metrics": [
                  {
                    "enabled": false,
                    "include_apis": false,
                    "retention_policy_days": 0,
                    "version": "1.0"
                  }
                ]
              }
            ],
            "resource_group_name": "rg_Dev_Terraform_2",
            "routing": [],
            "sas_policy": [],
            "secondary_access_key": "tH/z7z4MZ+7IMZf5S6gFYeaDpTpmlp6tLoXLWcuVxZxcqokBf1m/h5argQEXibxP8IEMQk6tW044+AStlQn9Lw==",
            "secondary_blob_connection_string": "",
            "secondary_blob_endpoint": null,
            "secondary_blob_host": null,
            "secondary_connection_string": "DefaultEndpointsProtocol=https;AccountName=sargdevterraform2;AccountKey=tH/z7z4MZ+7IMZf5S6gFYeaDpTpmlp6tLoXLWcuVxZxcqokBf1m/h5argQEXibxP8IEMQk6tW044+AStlQn9Lw==;EndpointSuffix=core.windows.net",
            "secondary_dfs_endpoint": null,
            "secondary_dfs_host": null,
            "secondary_file_endpoint": null,
            "secondary_file_host": null,
            "secondary_location": "",
            "secondary_queue_endpoint": null,
            "secondary_queue_host": null,
            "secondary_table_endpoint": null,
            "secondary_table_host": null,
            "secondary_web_endpoint": null,
            "secondary_web_host": null,
            "sftp_enabled": false,
            "share_properties": [
              {
                "cors_rule": [],
                "retention_policy": [
                  {
                    "days": 7
                  }
                ],
                "smb": []
              }
            ],
            "shared_access_key_enabled": true,
            "static_website": [],
            "table_encryption_key_type": "Service",
            "tags": {
              "Kunde": "Intern",
              "SharePoint-Version": "Keine",
              "Umgebung": "Dev"
            },
            "timeouts": null
          },
          "sensitive_attributes": [],
          "private": "eyJlMmJmYjczMC1lY2FhLTExZTYtOGY4OC0zNDM2M2JjN2M0YzAiOnsiY3JlYXRlIjozNjAwMDAwMDAwMDAwLCJkZWxldGUiOjM2MDAwMDAwMDAwMDAsInJlYWQiOjMwMDAwMDAwMDAwMCwidXBkYXRlIjozNjAwMDAwMDAwMDAwfSwic2NoZW1hX3ZlcnNpb24iOiI0In0=",
          "dependencies": [
            "azurerm_resource_group.tfdemo2"
          ]
        }
      ]
    }
  ],
  "check_results": null
}
